{
  "name": "hrlog-auto",
  "version": "1.0.0",
  "lockfileVersion": 3,
  "requires": true,
  "packages": {
    "": {
      "name": "hrlog-auto",
      "version": "1.0.0",
      "license": "ISC",
      "devDependencies": {
        "playwright": "1.35.1"
      }
    },
    "node_modules/playwright": {
      "version": "1.35.1",
      "resolved": "https://registry.npmjs.org/playwright/-/playwright-1.35.1.tgz",
      "integrity": "sha512-NbwBeGJLu5m7VGM0+xtlmLAH9VUfWwYOhUi/lSEDyGg46r1CA9RWlvoc5yywxR9AzQb0mOCm7bWtOXV7/w43ZA==",
      "dev": true,
      "hasInstallScript": true,
      "dependencies": {
        "playwright-core": "1.35.1"
      },
      "bin": {
        "playwright": "cli.js"
      },
      "engines": {
        "node": ">=16"
      }
    },
    "node_modules/playwright-core": {
      "version": "1.35.1",
      "resolved": "https://registry.npmjs.org/playwright-core/-/playwright-core-1.35.1.tgz",
      "integrity": "sha512-pNXb6CQ7OqmGDRspEjlxE49w+4YtR6a3X6mT1hZXeJHWmsEz7SunmvZeiG/+y1yyMZdHnnn73WKYdtV1er0Xyg==",
      "dev": true,
      "bin": {
        "playwright-core": "cli.js"
      },
      "engines": {
        "node": ">=16"
      }
    }
  }
}
